
Microsoft Visual Studio Solution File, Format Version 12.00
# Visual Studio Version 17
VisualStudioVersion = 17.4.33205.214
MinimumVisualStudioVersion = 10.0.40219.1
Project("{FAE04EC0-301F-11D3-BF4B-00C04F79EFBC}") = "WebApplication1", "WebApplication1\WebApplication1.csproj", "{62E11D2A-1D5A-4DBA-B79E-8C50849F88A6}"
EndProject
Global
	GlobalSection(SolutionConfigurationPlatforms) = preSolution
		Debug|Any CPU = Debug|Any CPU
		Release|Any CPU = Release|Any CPU
	EndGlobalSection
	GlobalSection(ProjectConfigurationPlatforms) = postSolution
		{62E11D2A-1D5A-4DBA-B79E-8C50849F88A6}.Debug|Any CPU.ActiveCfg = Debug|Any CPU
		{62E11D2A-1D5A-4DBA-B79E-8C50849F88A6}.Debug|Any CPU.Build.0 = Debug|Any CPU
		{62E11D2A-1D5A-4DBA-B79E-8C50849F88A6}.Release|Any CPU.ActiveCfg = Release|Any CPU
		{62E11D2A-1D5A-4DBA-B79E-8C50849F88A6}.Release|Any CPU.Build.0 = Release|Any CPU
	EndGlobalSection
	GlobalSection(SolutionProperties) = preSolution
		HideSolutionNode = FALSE
	EndGlobalSection
	GlobalSection(ExtensibilityGlobals) = postSolution
		SolutionGuid = {2DCC89F6-B7DC-4D2F-93B3-E99B66B83E42}
	EndGlobalSection
EndGlobal
